Microsoft Visual Studio Solution File, Format Version 12.00
# Visual Studio Version 17
VisualStudioVersion = 17.5.2.0
MinimumVisualStudioVersion = 10.0.40219.1
Project("{FAE04EC0-301F-11D3-BF4B-00C04F79EFBC}") = "SimpleSIEM", "SimpleSIEM.csproj", "{24D7190A-C3DC-4CB7-809E-2CBA318F9B63}"
EndProject
Global
	GlobalSection(SolutionConfigurationPlatforms) = preSolution
		Debug|Any CPU = Debug|Any CPU
		Release|Any CPU = Release|Any CPU
	EndGlobalSection
	GlobalSection(ProjectConfigurationPlatforms) = postSolution
		{24D7190A-C3DC-4CB7-809E-2CBA318F9B63}.Debug|Any CPU.ActiveCfg = Debug|Any CPU
		{24D7190A-C3DC-4CB7-809E-2CBA318F9B63}.Debug|Any CPU.Build.0 = Debug|Any CPU
		{24D7190A-C3DC-4CB7-809E-2CBA318F9B63}.Release|Any CPU.ActiveCfg = Release|Any CPU
		{24D7190A-C3DC-4CB7-809E-2CBA318F9B63}.Release|Any CPU.Build.0 = Release|Any CPU
	EndGlobalSection
	GlobalSection(SolutionProperties) = preSolution
		HideSolutionNode = FALSE
	EndGlobalSection
	GlobalSection(ExtensibilityGlobals) = postSolution
		SolutionGuid = {96549A43-F449-4B68-ADA9-8040C2534214}
	EndGlobalSection
EndGlobal
